
Microsoft Visual Studio Solution File, Format Version 12.00
# Visual Studio 15
VisualStudioVersion = 15.0.27004.2002
MinimumVisualStudioVersion = 10.0.40219.1
Project("{9A19103F-16F7-4668-BE54-9A1E7A4F7556}") = "ClassificationKNN", "Proje1B\ClassificationKNN.csproj", "{437031C0-320D-44E8-BAD3-1863BBF2A6C5}"
EndProject
Global
	GlobalSection(SolutionConfigurationPlatforms) = preSolution
		Debug|Any CPU = Debug|Any CPU
		Release|Any CPU = Release|Any CPU
	EndGlobalSection
	GlobalSection(ProjectConfigurationPlatforms) = postSolution
		{437031C0-320D-44E8-BAD3-1863BBF2A6C5}.Debug|Any CPU.ActiveCfg = Debug|Any CPU
		{437031C0-320D-44E8-BAD3-1863BBF2A6C5}.Debug|Any CPU.Build.0 = Debug|Any CPU
		{437031C0-320D-44E8-BAD3-1863BBF2A6C5}.Release|Any CPU.ActiveCfg = Release|Any CPU
		{437031C0-320D-44E8-BAD3-1863BBF2A6C5}.Release|Any CPU.Build.0 = Release|Any CPU
	EndGlobalSection
	GlobalSection(SolutionProperties) = preSolution
		HideSolutionNode = FALSE
	EndGlobalSection
	GlobalSection(ExtensibilityGlobals) = postSolution
		SolutionGuid = {29F36AF4-12FD-470B-913C-94A0FE967416}
	EndGlobalSection
EndGlobal
